
Microsoft Visual Studio Solution File, Format Version 12.00
# Visual Studio 15
VisualStudioVersion = 15.0.28010.2026
MinimumVisualStudioVersion = 10.0.40219.1
Project("{FAE04EC0-301F-11D3-BF4B-00C04F79EFBC}") = "FindTheBugsinCode", "FindTheBugsinCode.csproj", "{BA96D6A8-1C4A-42B7-B0C6-AA262F272522}"
EndProject
Global
	GlobalSection(SolutionConfigurationPlatforms) = preSolution
		Debug|Any CPU = Debug|Any CPU
		Release|Any CPU = Release|Any CPU
	EndGlobalSection
	GlobalSection(ProjectConfigurationPlatforms) = postSolution
		{BA96D6A8-1C4A-42B7-B0C6-AA262F272522}.Debug|Any CPU.ActiveCfg = Debug|Any CPU
		{BA96D6A8-1C4A-42B7-B0C6-AA262F272522}.Debug|Any CPU.Build.0 = Debug|Any CPU
		{BA96D6A8-1C4A-42B7-B0C6-AA262F272522}.Release|Any CPU.ActiveCfg = Release|Any CPU
		{BA96D6A8-1C4A-42B7-B0C6-AA262F272522}.Release|Any CPU.Build.0 = Release|Any CPU
	EndGlobalSection
	GlobalSection(SolutionProperties) = preSolution
		HideSolutionNode = FALSE
	EndGlobalSection
	GlobalSection(ExtensibilityGlobals) = postSolution
		SolutionGuid = {C4E9732D-AF63-4371-9043-52231FAD7B84}
	EndGlobalSection
EndGlobal
